// !$*UTF8*$!
{
	archiveVersion = 1;
	classes = {
	};
	objectVersion = 50;
	objects = {

/* Begin PBXBuildFile section */
		044FF0F7210644F900730AD3 /* AppDelegate.swift in Sources */ = {isa = PBXBuildFile; fileRef = 044FF0F6210644F900730AD3 /* AppDelegate.swift */; };
		044FF0F9210644F900730AD3 /* ViewController.swift in Sources */ = {isa = PBXBuildFile; fileRef = 044FF0F8210644F900730AD3 /* ViewController.swift */; };
		044FF0FC210644F900730AD3 /* Main.storyboard in Resources */ = {isa = PBXBuildFile; fileRef = 044FF0FA210644F900730AD3 /* Main.storyboard */; };
		044FF0FF210644F900730AD3 /* LifesaverOBP.xcdatamodeld in Sources */ = {isa = PBXBuildFile; fileRef = 044FF0FD210644F900730AD3 /* LifesaverOBP.xcdatamodeld */; };
		044FF101210644FB00730AD3 /* Assets.xcassets in Resources */ = {isa = PBXBuildFile; fileRef = 044FF100210644FB00730AD3 /* Assets.xcassets */; };
		044FF104210644FB00730AD3 /* LaunchScreen.storyboard in Resources */ = {isa = PBXBuildFile; fileRef = 044FF102210644FB00730AD3 /* LaunchScreen.storyboard */; };
/* End PBXBuildFile section */

/* Begin PBXFileReference section */
		044FF0F3210644F900730AD3 /* LifesaverOBP.app */ = {isa = PBXFileReference; explicitFileType = wrapper.application; includeInIndex = 0; path = LifesaverOBP.app; sourceTree = BUILT_PRODUCTS_DIR; };
		044FF0F6210644F900730AD3 /* AppDelegate.swift */ = {isa = PBXFileReference; lastKnownFileType = sourcecode.swift; path = AppDelegate.swift; sourceTree = "<group>"; };
		044FF0F8210644F900730AD3 /* ViewController.swift */ = {isa = PBXFileReference; lastKnownFileType = sourcecode.swift; path = ViewController.swift; sourceTree = "<group>"; };
		044FF0FB210644F900730AD3 /* Base */ = {isa = PBXFileReference; lastKnownFileType = file.storyboard; name = Base; path = Base.lproj/Main.storyboard; sourceTree = "<group>"; };
		044FF0FE210644F900730AD3 /* LifesaverOBP.xcdatamodel */ = {isa = PBXFileReference; lastKnownFileType = wrapper.xcdatamodel; path = LifesaverOBP.xcdatamodel; sourceTree = "<group>"; };
		044FF100210644FB00730AD3 /* Assets.xcassets */ = {isa = PBXFileReference; lastKnownFileType = folder.assetcatalog; path = Assets.xcassets; sourceTree = "<group>"; };
		044FF103210644FB00730AD3 /* Base */ = {isa = PBXFileReference; lastKnownFileType = file.storyboard; name = Base; path = Base.lproj/LaunchScreen.storyboard; sourceTree = "<group>"; };
		044FF105210644FB00730AD3 /* Info.plist */ = {isa = PBXFileReference; lastKnownFileType = text.plist.xml; path = Info.plist; sourceTree = "<group>"; };
/* End PBXFileReference section */

/* Begin PBXFrameworksBuildPhase section */
		044FF0F0210644F900730AD3 /* Frameworks */ = {
			isa = PBXFrameworksBuildPhase;
			buildActionMask = 2147483647;
			files = (
			);
			runOnlyForDeploymentPostprocessing = 0;
		};
/* End PBXFrameworksBuildPhase section */

/* Begin PBXGroup section */
		044FF0EA210644F900730AD3 = {
			isa = PBXGroup;
			children = (
				044FF0F5210644F900730AD3 /* LifesaverOBP */,
				044FF0F4210644F900730AD3 /* Products */,
			);
			sourceTree = "<group>";
		};
		044FF0F4210644F900730AD3 /* Products */ = {
			isa = PBXGroup;
			children = (
				044FF0F3210644F900730AD3 /* LifesaverOBP.app */,
			);
			name = Products;
			sourceTree = "<group>";
		};
		044FF0F5210644F900730AD3 /* LifesaverOBP */ = {
			isa = PBXGroup;
			children = (
				044FF0F6210644F900730AD3 /* AppDelegate.swift */,
				044FF0F8210644F900730AD3 /* ViewController.swift */,
				044FF0FA210644F900730AD3 /* Main.storyboard */,
				044FF100210644FB00730AD3 /* Assets.xcassets */,
				044FF102210644FB00730AD3 /* LaunchScreen.storyboard */,
				044FF105210644FB00730AD3 /* Info.plist */,
				044FF0FD210644F900730AD3 /* LifesaverOBP.xcdatamodeld */,
			);
			path = LifesaverOBP;
			sourceTree = "<group>";
		};
/* End PBXGroup section */

/* Begin PBXNativeTarget section */
		044FF0F2210644F900730AD3 /* LifesaverOBP */ = {
			isa = PBXNativeTarget;
			buildConfigurationList = 044FF108210644FB00730AD3 /* Build configuration list for PBXNativeTarget "LifesaverOBP" */;
			buildPhases = (
				044FF0EF210644F900730AD3 /* Sources */,
				044FF0F0210644F900730AD3 /* Frameworks */,
				044FF0F1210644F900730AD3 /* Resources */,
			);
			buildRules = (
			);
			dependencies = (
			);
			name = LifesaverOBP;
			productName = LifesaverOBP;
			productReference = 044FF0F3210644F900730AD3 /* LifesaverOBP.app */;
			productType = "com.apple.product-type.application";
		};
/* End PBXNativeTarget section */

/* Begin PBXProject section */
		044FF0EB210644F900730AD3 /* Project object */ = {
			isa = PBXProject;
			attributes = {
				LastSwiftUpdateCheck = 0940;
				LastUpgradeCheck = 0940;
				ORGANIZATIONNAME = Lifesaver;
				TargetAttributes = {
					044FF0F2210644F900730AD3 = {
						CreatedOnToolsVersion = 9.4.1;
					};
				};
			};
			buildConfigurationList = 044FF0EE210644F900730AD3 /* Build configuration list for PBXProject "LifesaverOBP" */;
			compatibilityVersion = "Xcode 9.3";
			developmentRegion = en;
			hasScannedForEncodings = 0;
			knownRegions = (
				en,
				Base,
			);
			mainGroup = 044FF0EA210644F900730AD3;
			productRefGroup = 044FF0F4210644F900730AD3 /* Products */;
			projectDirPath = "";
			projectRoot = "";
			targets = (
				044FF0F2210644F900730AD3 /* LifesaverOBP */,
			);
		};
/* End PBXProject section */

/* Begin PBXResourcesBuildPhase section */
		044FF0F1210644F900730AD3 /* Resources */ = {
			isa = PBXResourcesBuildPhase;
			buildActionMask = 2147483647;
			files = (
				044FF104210644FB00730AD3 /* LaunchScreen.storyboard in Resources */,
				044FF101210644FB00730AD3 /* Assets.xcassets in Resources */,
				044FF0FC210644F900730AD3 /* Main.storyboard in Resources */,
			);
			runOnlyForDeploymentPostprocessing = 0;
		};
/* End PBXResourcesBuildPhase section */

/* Begin PBXSourcesBuildPhase section */
		044FF0EF210644F900730AD3 /* Sources */ = {
			isa = PBXSourcesBuildPhase;
			buildActionMask = 2147483647;
			files = (
				044FF0F9210644F900730AD3 /* ViewController.swift in Sources */,
				044FF0FF210644F900730AD3 /* LifesaverOBP.xcdatamodeld in Sources */,
				044FF0F7210644F900730AD3 /* AppDelegate.swift in Sources */,
			);
			runOnlyForDeploymentPostprocessing = 0;
		};
/* End PBXSourcesBuildPhase section */

/* Begin PBXVariantGroup section */
		044FF0FA210644F900730AD3 /* Main.storyboard */ = {
			isa = PBXVariantGroup;
			children = (
				044FF0FB210644F900730AD3 /* Base */,
			);
			name = Main.storyboard;
			sourceTree = "<group>";
		};
		044FF102210644FB00730AD3 /* LaunchScreen.storyboard */ = {
			isa = PBXVariantGroup;
			children = (
				044FF103210644FB00730AD3 /* Base */,
			);
			name = LaunchScreen.storyboard;
			sourceTree = "<group>";
		};
/* End PBXVariantGroup section */

/* Begin XCBuildConfiguration section */
		044FF106210644FB00730AD3 /* Debug */ = {
			isa = XCBuildConfiguration;
			buildSettings = {
				ALWAYS_SEARCH_USER_PATHS = NO;
				CLANG_ANALYZER_NONNULL = YES;
				CLANG_ANALYZER_NUMBER_OBJECT_CONVERSION = YES_AGGRESSIVE;
				CLANG_CXX_LANGUAGE_STANDARD = "gnu++14";
				CLANG_CXX_LIBRARY = "libc++";
				CLANG_ENABLE_MODULES = YES;
				CLANG_ENABLE_OBJC_ARC = YES;
				CLANG_ENABLE_OBJC_WEAK = YES;
				CLANG_WARN_BLOCK_CAPTURE_AUTORELEASING = YES;
				CLANG_WARN_BOOL_CONVERSION = YES;
				CLANG_WARN_COMMA = YES;
				CLANG_WARN_CONSTANT_CONVERSION = YES;
				CLANG_WARN_DEPRECATED_OBJC_IMPLEMENTATIONS = YES;
				CLANG_WARN_DIRECT_OBJC_ISA_USAGE = YES_ERROR;
				CLANG_WARN_DOCUMENTATION_COMMENTS = YES;
				CLANG_WARN_EMPTY_BODY = YES;
				CLANG_WARN_ENUM_CONVERSION = YES;
				CLANG_WARN_INFINITE_RECURSION = YES;
				CLANG_WARN_INT_CONVERSION = YES;
				CLANG_WARN_NON_LITERAL_NULL_CONVERSION = YES;
				CLANG_WARN_OBJC_IMPLICIT_RETAIN_SELF = YES;
				CLANG_WARN_OBJC_LITERAL_CONVERSION = YES;
				CLANG_WARN_OBJC_ROOT_CLASS = YES_ERROR;
				CLANG_WARN_RANGE_LOOP_ANALYSIS = YES;
				CLANG_WARN_STRICT_PROTOTYPES = YES;
				CLANG_WARN_SUSPICIOUS_MOVE = YES;
				CLANG_WARN_UNGUARDED_AVAILABILITY = YES_AGGRESSIVE;
				CLANG_WARN_UNREACHABLE_CODE = YES;
				CLANG_WARN__DUPLICATE_METHOD_MATCH = YES;
				CODE_SIGN_IDENTITY = "iPhone Developer";
				COPY_PHASE_STRIP = NO;
				DEBUG_INFORMATION_FORMAT = dwarf;
				ENABLE_STRICT_OBJC_MSGSEND = YES;
				ENABLE_TESTABILITY = YES;
				GCC_C_LANGUAGE_STANDARD = gnu11;
				GCC_DYNAMIC_NO_PIC = NO;
				GCC_NO_COMMON_BLOCKS = YES;
				GCC_OPTIMIZATION_LEVEL = 0;
				GCC_PREPROCESSOR_DEFINITIONS = (
					"DEBUG=1",
					"$(inherited)",
				);
				GCC_WARN_64_TO_32_BIT_CONVERSION = YES;
				GCC_WARN_ABOUT_RETURN_TYPE = YES_ERROR;
				GCC_WARN_UNDECLARED_SELECTOR = YES;
				GCC_WARN_UNINITIALIZED_AUTOS = YES_AGGRESSIVE;
				GCC_WARN_UNUSED_FUNCTION = YES;
				GCC_WARN_UNUSED_VARIABLE = YES;
				IPHONEOS_DEPLOYMENT_TARGET = 11.4;
				MTL_ENABLE_DEBUG_INFO = YES;
				ONLY_ACTIVE_ARCH = YES;
				SDKROOT = iphoneos;
				SWIFT_ACTIVE_COMPILATION_CONDITIONS = DEBUG;
				SWIFT_OPTIMIZATION_LEVEL = "-Onone";
			};
			name = Debug;
		};
		044FF107210644FB00730AD3 /* Release */ = {
			isa = XCBuildConfiguration;
			buildSettings = {
				ALWAYS_SEARCH_USER_PATHS = NO;
				CLANG_ANALYZER_NONNULL = YES;
				CLANG_ANALYZER_NUMBER_OBJECT_CONVERSION = YES_AGGRESSIVE;
				CLANG_CXX_LANGUAGE_STANDARD = "gnu++14";
				CLANG_CXX_LIBRARY = "libc++";
				CLANG_ENABLE_MODULES = YES;
				CLANG_ENABLE_OBJC_ARC = YES;
				CLANG_ENABLE_OBJC_WEAK = YES;
				CLANG_WARN_BLOCK_CAPTURE_AUTORELEASING = YES;
				CLANG_WARN_BOOL_CONVERSION = YES;
				CLANG_WARN_COMMA = YES;
				CLANG_WARN_CONSTANT_CONVERSION = YES;
				CLANG_WARN_DEPRECATED_OBJC_IMPLEMENTATIONS = YES;
				CLANG_WARN_DIRECT_OBJC_ISA_USAGE = YES_ERROR;
				CLANG_WARN_DOCUMENTATION_COMMENTS = YES;
				CLANG_WARN_EMPTY_BODY = YES;
				CLANG_WARN_ENUM_CONVERSION = YES;
				CLANG_WARN_INFINITE_RECURSION = YES;
				CLANG_WARN_INT_CONVERSION = YES;
				CLANG_WARN_NON_LITERAL_NULL_CONVERSION = YES;
				CLANG_WARN_OBJC_IMPLICIT_RETAIN_SELF = YES;
				CLANG_WARN_OBJC_LITERAL_CONVERSION = YES;
				CLANG_WARN_OBJC_ROOT_CLASS = YES_ERROR;
				CLANG_WARN_RANGE_LOOP_ANALYSIS = YES;
				CLANG_WARN_STRICT_PROTOTYPES = YES;
				CLANG_WARN_SUSPICIOUS_MOVE = YES;
				CLANG_WARN_UNGUARDED_AVAILABILITY = YES_AGGRESSIVE;
				CLANG_WARN_UNREACHABLE_CODE = YES;
				CLANG_WARN__DUPLICATE_METHOD_MATCH = YES;
				CODE_SIGN_IDENTITY = "iPhone Developer";
				COPY_PHASE_STRIP = NO;
				DEBUG_INFORMATION_FORMAT = "dwarf-with-dsym";
				ENABLE_NS_ASSERTIONS = NO;
				ENABLE_STRICT_OBJC_MSGSEND = YES;
				GCC_C_LANGUAGE_STANDARD = gnu11;
				GCC_NO_COMMON_BLOCKS = YES;
				GCC_WARN_64_TO_32_BIT_CONVERSION = YES;
				GCC_WARN_ABOUT_RETURN_TYPE = YES_ERROR;
				GCC_WARN_UNDECLARED_SELECTOR = YES;
				GCC_WARN_UNINITIALIZED_AUTOS = YES_AGGRESSIVE;
				GCC_WARN_UNUSED_FUNCTION = YES;
				GCC_WARN_UNUSED_VARIABLE = YES;
				IPHONEOS_DEPLOYMENT_TARGET = 11.4;
				MTL_ENABLE_DEBUG_INFO = NO;
				SDKROOT = iphoneos;
				SWIFT_COMPILATION_MODE = wholemodule;
				SWIFT_OPTIMIZATION_LEVEL = "-O";
				VALIDATE_PRODUCT = YES;
			};
			name = Release;
		};
		044FF109210644FB00730AD3 /* Debug */ = {
			isa = XCBuildConfiguration;
			buildSettings = {
				ASSETCATALOG_COMPILER_APPICON_NAME = AppIcon;
				CODE_SIGN_STYLE = Automatic;
				DEVELOPMENT_TEAM = 4LS838NGSQ;
				INFOPLIST_FILE = LifesaverOBP/Info.plist;
				LD_RUNPATH_SEARCH_PATHS = (
					"$(inherited)",
					"@executable_path/Frameworks",
				);
				PRODUCT_BUNDLE_IDENTIFIER = Lifesaver.LifesaverOBP;
				PRODUCT_NAME = "$(TARGET_NAME)";
				SWIFT_VERSION = 4.0;
				TARGETED_DEVICE_FAMILY = "1,2";
			};
			name = Debug;
		};
		044FF10A210644FB00730AD3 /* Release */ = {
			isa = XCBuildConfiguration;
			buildSettings = {
				ASSETCATALOG_COMPILER_APPICON_NAME = AppIcon;
				CODE_SIGN_STYLE = Automatic;
				DEVELOPMENT_TEAM = 4LS838NGSQ;
				INFOPLIST_FILE = LifesaverOBP/Info.plist;
				LD_RUNPATH_SEARCH_PATHS = (
					"$(inherited)",
					"@executable_path/Frameworks",
				);
				PRODUCT_BUNDLE_IDENTIFIER = Lifesaver.LifesaverOBP;
				PRODUCT_NAME = "$(TARGET_NAME)";
				SWIFT_VERSION = 4.0;
				TARGETED_DEVICE_FAMILY = "1,2";
			};
			name = Release;
		};
/* End XCBuildConfiguration section */

/* Begin XCConfigurationList section */
		044FF0EE210644F900730AD3 /* Build configuration list for PBXProject "LifesaverOBP" */ = {
			isa = XCConfigurationList;
			buildConfigurations = (
				044FF106210644FB00730AD3 /* Debug */,
				044FF107210644FB00730AD3 /* Release */,
			);
			defaultConfigurationIsVisible = 0;
			defaultConfigurationName = Release;
		};
		044FF108210644FB00730AD3 /* Build configuration list for PBXNativeTarget "LifesaverOBP" */ = {
			isa = XCConfigurationList;
			buildConfigurations = (
				044FF109210644FB00730AD3 /* Debug */,
				044FF10A210644FB00730AD3 /* Release */,
			);
			defaultConfigurationIsVisible = 0;
			defaultConfigurationName = Release;
		};
/* End XCConfigurationList section */

/* Begin XCVersionGroup section */
		044FF0FD210644F900730AD3 /* LifesaverOBP.xcdatamodeld */ = {
			isa = XCVersionGroup;
			children = (
				044FF0FE210644F900730AD3 /* LifesaverOBP.xcdatamodel */,
			);
			currentVersion = 044FF0FE210644F900730AD3 /* LifesaverOBP.xcdatamodel */;
			path = LifesaverOBP.xcdatamodeld;
			sourceTree = "<group>";
			versionGroupType = wrapper.xcdatamodel;
		};
/* End XCVersionGroup section */
	};
	rootObject = 044FF0EB210644F900730AD3 /* Project object */;
}
